Microsoft Visual Studio Solution File, Format Version 12.00
# Visual Studio Version 17
VisualStudioVersion = 17.5.2.0
MinimumVisualStudioVersion = 10.0.40219.1
Project("{FAE04EC0-301F-11D3-BF4B-00C04F79EFBC}") = "zoo-scheduler", "zoo-scheduler.csproj", "{8AEB31A0-77E6-E6FE-17D5-CF02916ACC27}"
EndProject
Global
	GlobalSection(SolutionConfigurationPlatforms) = preSolution
		Debug|Any CPU = Debug|Any CPU
		Release|Any CPU = Release|Any CPU
	EndGlobalSection
	GlobalSection(ProjectConfigurationPlatforms) = postSolution
		{8AEB31A0-77E6-E6FE-17D5-CF02916ACC27}.Debug|Any CPU.ActiveCfg = Debug|Any CPU
		{8AEB31A0-77E6-E6FE-17D5-CF02916ACC27}.Debug|Any CPU.Build.0 = Debug|Any CPU
		{8AEB31A0-77E6-E6FE-17D5-CF02916ACC27}.Release|Any CPU.ActiveCfg = Release|Any CPU
		{8AEB31A0-77E6-E6FE-17D5-CF02916ACC27}.Release|Any CPU.Build.0 = Release|Any CPU
	EndGlobalSection
	GlobalSection(SolutionProperties) = preSolution
		HideSolutionNode = FALSE
	EndGlobalSection
	GlobalSection(ExtensibilityGlobals) = postSolution
		SolutionGuid = {AE8D941B-3400-4C62-8170-3C29E6EBEC7A}
	EndGlobalSection
EndGlobal
